
Microsoft Visual Studio Solution File, Format Version 12.00
# Visual Studio Version 16
VisualStudioVersion = 16.0.29926.136
MinimumVisualStudioVersion = 10.0.40219.1
Project("{FAE04EC0-301F-11D3-BF4B-00C04F79EFBC}") = "TimerDemo", "TimerDemo\TimerDemo.csproj", "{875E0B34-BE8E-4863-A147-D532E1381F6A}"
EndProject
Project("{2150E333-8FDC-42A3-9474-1A3956D46DE8}") = "Demo", "Demo", "{995698C3-DAE2-4C73-8F94-42F26A8AC243}"
EndProject
Project("{FAE04EC0-301F-11D3-BF4B-00C04F79EFBC}") = "AnimatedDemo", "AnimatedDemo\AnimatedDemo.csproj", "{6A9EF4A7-F926-4697-A346-33A99B002ED7}"
EndProject
Project("{FAE04EC0-301F-11D3-BF4B-00C04F79EFBC}") = "BindingExample", "BindingDemo\BindingExample.csproj", "{A0055D88-E42E-4CB7-8ECD-30F352D36D97}"
EndProject
Project("{FAE04EC0-301F-11D3-BF4B-00C04F79EFBC}") = "LazyLoad", "LazyDemo\LazyLoad.csproj", "{F296AC64-E0BD-4002-ABF6-6A8DBA63926E}"
EndProject
Project("{FAE04EC0-301F-11D3-BF4B-00C04F79EFBC}") = "mvcdemo", "mvcdemo\mvcdemo.csproj", "{8FA9E681-5931-4301-ADC8-B8878191497A}"
EndProject
Project("{FAE04EC0-301F-11D3-BF4B-00C04F79EFBC}") = "PortScaner", "PortScaner\PortScaner.csproj", "{6303E3E5-50C0-47E8-B616-ADC20D03A233}"
EndProject
Project("{FAE04EC0-301F-11D3-BF4B-00C04F79EFBC}") = "TrayIconTest", "TrayIconTest\TrayIconTest.csproj", "{FC58C62F-C16F-4EE0-9AEF-9855C5129C5D}"
EndProject
Project("{FAE04EC0-301F-11D3-BF4B-00C04F79EFBC}") = "WebIODemo", "WebIODemo\WebIODemo.csproj", "{D0D5CC39-427B-43AF-B3B8-7CAA3D36406C}"
EndProject
Project("{FAE04EC0-301F-11D3-BF4B-00C04F79EFBC}") = "GameCatalog", "GameCatalog\GameCatalog.csproj", "{17553773-4AD2-4CFB-B1B6-D8180E8ADA1D}"
EndProject
Project("{FAE04EC0-301F-11D3-BF4B-00C04F79EFBC}") = "BindingList", "BindingList\BindingList.csproj", "{DF680F40-8C27-4959-A946-1FA0E5A203B7}"
EndProject
Project("{FAE04EC0-301F-11D3-BF4B-00C04F79EFBC}") = "BindingSourceDemo", "BindingSourceDemo\BindingSourceDemo.csproj", "{E3B12B2A-5844-41E1-8F21-F5B507754C1E}"
EndProject
Project("{FAE04EC0-301F-11D3-BF4B-00C04F79EFBC}") = "CallPython", "CallPython\CallPython.csproj", "{B617CC9E-DE9B-4A84-8170-3EBDA54F5239}"
EndProject
Project("{FAE04EC0-301F-11D3-BF4B-00C04F79EFBC}") = "ReportDemo", "ReportDemo\ReportDemo.csproj", "{B6A3067A-7A8B-49B2-B531-ADFDC8A75547}"
EndProject
Project("{FAE04EC0-301F-11D3-BF4B-00C04F79EFBC}") = "wsClient", "wsClient\wsClient.csproj", "{79394F1D-7EC1-4D47-A6F8-00DA9FA1A0AE}"
EndProject
Project("{FAE04EC0-301F-11D3-BF4B-00C04F79EFBC}") = "wsServer", "wsServer\wsServer.csproj", "{5D9D6B33-CEB3-4CDA-96AD-C127F9B347E2}"
EndProject
Project("{2150E333-8FDC-42A3-9474-1A3956D46DE8}") = "SharpPlugIn", "SharpPlugIn", "{5BF2C436-C070-40EA-93F4-D99789F4ACD3}"
EndProject
Project("{FAE04EC0-301F-11D3-BF4B-00C04F79EFBC}") = "PluginA", "PluginA\PluginA.csproj", "{02BA2C13-D340-4C88-9744-8C69EBE9EE1C}"
EndProject
Project("{FAE04EC0-301F-11D3-BF4B-00C04F79EFBC}") = "PluginB", "PluginB\PluginB.csproj", "{2236BE50-F36E-46DE-9BDD-A07D90C2118C}"
EndProject
Project("{FAE04EC0-301F-11D3-BF4B-00C04F79EFBC}") = "PluginDemo", "PluginDemo\PluginDemo.csproj", "{635B31BB-D55C-4DEA-96F1-0AB7039BB21B}"
EndProject
Project("{FAE04EC0-301F-11D3-BF4B-00C04F79EFBC}") = "PluginInterface", "PluginInterface\PluginInterface.csproj", "{ABBB0478-4277-403E-9522-4245E31559FD}"
EndProject
Project("{2150E333-8FDC-42A3-9474-1A3956D46DE8}") = "SuperDog", "SuperDog", "{4F847BD5-BAFB-457C-8929-A341C7DBEE23}"
EndProject
Project("{FAE04EC0-301F-11D3-BF4B-00C04F79EFBC}") = "dog_Licensing", "dog_demo\dog_Licensing.csproj", "{982E39FC-A05C-4B01-A0AB-27C9B96E23F2}"
EndProject
Project("{FAE04EC0-301F-11D3-BF4B-00C04F79EFBC}") = "dog_Encryption", "dog_Encryption\dog_Encryption.csproj", "{DD4D26D8-A43F-424E-843B-842B03A63FD0}"
EndProject
Project("{FAE04EC0-301F-11D3-BF4B-00C04F79EFBC}") = "dog_test", "dog_test\dog_test.csproj", "{22C295C3-7DEB-41D3-98B0-819BEBD66243}"
EndProject
Global
	GlobalSection(SolutionConfigurationPlatforms) = preSolution
		Debug|Any CPU = Debug|Any CPU
		Debug|x86 = Debug|x86
		Release|Any CPU = Release|Any CPU
		Release|x86 = Release|x86
	EndGlobalSection
	GlobalSection(ProjectConfigurationPlatforms) = postSolution
		{875E0B34-BE8E-4863-A147-D532E1381F6A}.Debug|Any CPU.ActiveCfg = Debug|Any CPU
		{875E0B34-BE8E-4863-A147-D532E1381F6A}.Debug|Any CPU.Build.0 = Debug|Any CPU
		{875E0B34-BE8E-4863-A147-D532E1381F6A}.Debug|x86.ActiveCfg = Debug|Any CPU
		{875E0B34-BE8E-4863-A147-D532E1381F6A}.Debug|x86.Build.0 = Debug|Any CPU
		{875E0B34-BE8E-4863-A147-D532E1381F6A}.Release|Any CPU.ActiveCfg = Release|Any CPU
		{875E0B34-BE8E-4863-A147-D532E1381F6A}.Release|Any CPU.Build.0 = Release|Any CPU
		{875E0B34-BE8E-4863-A147-D532E1381F6A}.Release|x86.ActiveCfg = Release|Any CPU
		{875E0B34-BE8E-4863-A147-D532E1381F6A}.Release|x86.Build.0 = Release|Any CPU
		{6A9EF4A7-F926-4697-A346-33A99B002ED7}.Debug|Any CPU.ActiveCfg = Debug|Any CPU
		{6A9EF4A7-F926-4697-A346-33A99B002ED7}.Debug|Any CPU.Build.0 = Debug|Any CPU
		{6A9EF4A7-F926-4697-A346-33A99B002ED7}.Debug|x86.ActiveCfg = Debug|Any CPU
		{6A9EF4A7-F926-4697-A346-33A99B002ED7}.Debug|x86.Build.0 = Debug|Any CPU
		{6A9EF4A7-F926-4697-A346-33A99B002ED7}.Release|Any CPU.ActiveCfg = Release|Any CPU
		{6A9EF4A7-F926-4697-A346-33A99B002ED7}.Release|Any CPU.Build.0 = Release|Any CPU
		{6A9EF4A7-F926-4697-A346-33A99B002ED7}.Release|x86.ActiveCfg = Release|Any CPU
		{6A9EF4A7-F926-4697-A346-33A99B002ED7}.Release|x86.Build.0 = Release|Any CPU
		{A0055D88-E42E-4CB7-8ECD-30F352D36D97}.Debug|Any CPU.ActiveCfg = Debug|Any CPU
		{A0055D88-E42E-4CB7-8ECD-30F352D36D97}.Debug|Any CPU.Build.0 = Debug|Any CPU
		{A0055D88-E42E-4CB7-8ECD-30F352D36D97}.Debug|x86.ActiveCfg = Debug|Any CPU
		{A0055D88-E42E-4CB7-8ECD-30F352D36D97}.Debug|x86.Build.0 = Debug|Any CPU
		{A0055D88-E42E-4CB7-8ECD-30F352D36D97}.Release|Any CPU.ActiveCfg = Release|Any CPU
		{A0055D88-E42E-4CB7-8ECD-30F352D36D97}.Release|Any CPU.Build.0 = Release|Any CPU
		{A0055D88-E42E-4CB7-8ECD-30F352D36D97}.Release|x86.ActiveCfg = Release|Any CPU
		{A0055D88-E42E-4CB7-8ECD-30F352D36D97}.Release|x86.Build.0 = Release|Any CPU
		{F296AC64-E0BD-4002-ABF6-6A8DBA63926E}.Debug|Any CPU.ActiveCfg = Debug|Any CPU
		{F296AC64-E0BD-4002-ABF6-6A8DBA63926E}.Debug|Any CPU.Build.0 = Debug|Any CPU
		{F296AC64-E0BD-4002-ABF6-6A8DBA63926E}.Debug|x86.ActiveCfg = Debug|Any CPU
		{F296AC64-E0BD-4002-ABF6-6A8DBA63926E}.Debug|x86.Build.0 = Debug|Any CPU
		{F296AC64-E0BD-4002-ABF6-6A8DBA63926E}.Release|Any CPU.ActiveCfg = Release|Any CPU
		{F296AC64-E0BD-4002-ABF6-6A8DBA63926E}.Release|Any CPU.Build.0 = Release|Any CPU
		{F296AC64-E0BD-4002-ABF6-6A8DBA63926E}.Release|x86.ActiveCfg = Release|Any CPU
		{F296AC64-E0BD-4002-ABF6-6A8DBA63926E}.Release|x86.Build.0 = Release|Any CPU
		{8FA9E681-5931-4301-ADC8-B8878191497A}.Debug|Any CPU.ActiveCfg = Debug|Any CPU
		{8FA9E681-5931-4301-ADC8-B8878191497A}.Debug|Any CPU.Build.0 = Debug|Any CPU
		{8FA9E681-5931-4301-ADC8-B8878191497A}.Debug|x86.ActiveCfg = Debug|Any CPU
		{8FA9E681-5931-4301-ADC8-B8878191497A}.Debug|x86.Build.0 = Debug|Any CPU
		{8FA9E681-5931-4301-ADC8-B8878191497A}.Release|Any CPU.ActiveCfg = Release|Any CPU
		{8FA9E681-5931-4301-ADC8-B8878191497A}.Release|Any CPU.Build.0 = Release|Any CPU
		{8FA9E681-5931-4301-ADC8-B8878191497A}.Release|x86.ActiveCfg = Release|Any CPU
		{8FA9E681-5931-4301-ADC8-B8878191497A}.Release|x86.Build.0 = Release|Any CPU
		{6303E3E5-50C0-47E8-B616-ADC20D03A233}.Debug|Any CPU.ActiveCfg = Debug|x86
		{6303E3E5-50C0-47E8-B616-ADC20D03A233}.Debug|x86.ActiveCfg = Debug|x86
		{6303E3E5-50C0-47E8-B616-ADC20D03A233}.Debug|x86.Build.0 = Debug|x86
		{6303E3E5-50C0-47E8-B616-ADC20D03A233}.Release|Any CPU.ActiveCfg = Release|x86
		{6303E3E5-50C0-47E8-B616-ADC20D03A233}.Release|x86.ActiveCfg = Release|x86
		{6303E3E5-50C0-47E8-B616-ADC20D03A233}.Release|x86.Build.0 = Release|x86
		{FC58C62F-C16F-4EE0-9AEF-9855C5129C5D}.Debug|Any CPU.ActiveCfg = Debug|Any CPU
		{FC58C62F-C16F-4EE0-9AEF-9855C5129C5D}.Debug|Any CPU.Build.0 = Debug|Any CPU
		{FC58C62F-C16F-4EE0-9AEF-9855C5129C5D}.Debug|x86.ActiveCfg = Debug|Any CPU
		{FC58C62F-C16F-4EE0-9AEF-9855C5129C5D}.Debug|x86.Build.0 = Debug|Any CPU
		{FC58C62F-C16F-4EE0-9AEF-9855C5129C5D}.Release|Any CPU.ActiveCfg = Release|Any CPU
		{FC58C62F-C16F-4EE0-9AEF-9855C5129C5D}.Release|Any CPU.Build.0 = Release|Any CPU
		{FC58C62F-C16F-4EE0-9AEF-9855C5129C5D}.Release|x86.ActiveCfg = Release|Any CPU
		{FC58C62F-C16F-4EE0-9AEF-9855C5129C5D}.Release|x86.Build.0 = Release|Any CPU
		{D0D5CC39-427B-43AF-B3B8-7CAA3D36406C}.Debug|Any CPU.ActiveCfg = Debug|Any CPU
		{D0D5CC39-427B-43AF-B3B8-7CAA3D36406C}.Debug|Any CPU.Build.0 = Debug|Any CPU
		{D0D5CC39-427B-43AF-B3B8-7CAA3D36406C}.Debug|x86.ActiveCfg = Debug|Any CPU
		{D0D5CC39-427B-43AF-B3B8-7CAA3D36406C}.Debug|x86.Build.0 = Debug|Any CPU
		{D0D5CC39-427B-43AF-B3B8-7CAA3D36406C}.Release|Any CPU.ActiveCfg = Release|Any CPU
		{D0D5CC39-427B-43AF-B3B8-7CAA3D36406C}.Release|Any CPU.Build.0 = Release|Any CPU
		{D0D5CC39-427B-43AF-B3B8-7CAA3D36406C}.Release|x86.ActiveCfg = Release|Any CPU
		{D0D5CC39-427B-43AF-B3B8-7CAA3D36406C}.Release|x86.Build.0 = Release|Any CPU
		{17553773-4AD2-4CFB-B1B6-D8180E8ADA1D}.Debug|Any CPU.ActiveCfg = Debug|Any CPU
		{17553773-4AD2-4CFB-B1B6-D8180E8ADA1D}.Debug|Any CPU.Build.0 = Debug|Any CPU
		{17553773-4AD2-4CFB-B1B6-D8180E8ADA1D}.Debug|x86.ActiveCfg = Debug|Any CPU
		{17553773-4AD2-4CFB-B1B6-D8180E8ADA1D}.Debug|x86.Build.0 = Debug|Any CPU
		{17553773-4AD2-4CFB-B1B6-D8180E8ADA1D}.Release|Any CPU.ActiveCfg = Release|Any CPU
		{17553773-4AD2-4CFB-B1B6-D8180E8ADA1D}.Release|Any CPU.Build.0 = Release|Any CPU
		{17553773-4AD2-4CFB-B1B6-D8180E8ADA1D}.Release|x86.ActiveCfg = Release|Any CPU
		{17553773-4AD2-4CFB-B1B6-D8180E8ADA1D}.Release|x86.Build.0 = Release|Any CPU
		{DF680F40-8C27-4959-A946-1FA0E5A203B7}.Debug|Any CPU.ActiveCfg = Debug|Any CPU
		{DF680F40-8C27-4959-A946-1FA0E5A203B7}.Debug|Any CPU.Build.0 = Debug|Any CPU
		{DF680F40-8C27-4959-A946-1FA0E5A203B7}.Debug|x86.ActiveCfg = Debug|Any CPU
		{DF680F40-8C27-4959-A946-1FA0E5A203B7}.Debug|x86.Build.0 = Debug|Any CPU
		{DF680F40-8C27-4959-A946-1FA0E5A203B7}.Release|Any CPU.ActiveCfg = Release|Any CPU
		{DF680F40-8C27-4959-A946-1FA0E5A203B7}.Release|Any CPU.Build.0 = Release|Any CPU
		{DF680F40-8C27-4959-A946-1FA0E5A203B7}.Release|x86.ActiveCfg = Release|Any CPU
		{DF680F40-8C27-4959-A946-1FA0E5A203B7}.Release|x86.Build.0 = Release|Any CPU
		{E3B12B2A-5844-41E1-8F21-F5B507754C1E}.Debug|Any CPU.ActiveCfg = Debug|x86
		{E3B12B2A-5844-41E1-8F21-F5B507754C1E}.Debug|x86.ActiveCfg = Debug|x86
		{E3B12B2A-5844-41E1-8F21-F5B507754C1E}.Debug|x86.Build.0 = Debug|x86
		{E3B12B2A-5844-41E1-8F21-F5B507754C1E}.Release|Any CPU.ActiveCfg = Release|x86
		{E3B12B2A-5844-41E1-8F21-F5B507754C1E}.Release|x86.ActiveCfg = Release|x86
		{E3B12B2A-5844-41E1-8F21-F5B507754C1E}.Release|x86.Build.0 = Release|x86
		{B617CC9E-DE9B-4A84-8170-3EBDA54F5239}.Debug|Any CPU.ActiveCfg = Debug|Any CPU
		{B617CC9E-DE9B-4A84-8170-3EBDA54F5239}.Debug|Any CPU.Build.0 = Debug|Any CPU
		{B617CC9E-DE9B-4A84-8170-3EBDA54F5239}.Debug|x86.ActiveCfg = Debug|Any CPU
		{B617CC9E-DE9B-4A84-8170-3EBDA54F5239}.Debug|x86.Build.0 = Debug|Any CPU
		{B617CC9E-DE9B-4A84-8170-3EBDA54F5239}.Release|Any CPU.ActiveCfg = Release|Any CPU
		{B617CC9E-DE9B-4A84-8170-3EBDA54F5239}.Release|Any CPU.Build.0 = Release|Any CPU
		{B617CC9E-DE9B-4A84-8170-3EBDA54F5239}.Release|x86.ActiveCfg = Release|Any CPU
		{B617CC9E-DE9B-4A84-8170-3EBDA54F5239}.Release|x86.Build.0 = Release|Any CPU
		{B6A3067A-7A8B-49B2-B531-ADFDC8A75547}.Debug|Any CPU.ActiveCfg = Debug|Any CPU
		{B6A3067A-7A8B-49B2-B531-ADFDC8A75547}.Debug|Any CPU.Build.0 = Debug|Any CPU
		{B6A3067A-7A8B-49B2-B531-ADFDC8A75547}.Debug|x86.ActiveCfg = Debug|Any CPU
		{B6A3067A-7A8B-49B2-B531-ADFDC8A75547}.Debug|x86.Build.0 = Debug|Any CPU
		{B6A3067A-7A8B-49B2-B531-ADFDC8A75547}.Release|Any CPU.ActiveCfg = Release|Any CPU
		{B6A3067A-7A8B-49B2-B531-ADFDC8A75547}.Release|Any CPU.Build.0 = Release|Any CPU
		{B6A3067A-7A8B-49B2-B531-ADFDC8A75547}.Release|x86.ActiveCfg = Release|Any CPU
		{B6A3067A-7A8B-49B2-B531-ADFDC8A75547}.Release|x86.Build.0 = Release|Any CPU
		{79394F1D-7EC1-4D47-A6F8-00DA9FA1A0AE}.Debug|Any CPU.ActiveCfg = Debug|Any CPU
		{79394F1D-7EC1-4D47-A6F8-00DA9FA1A0AE}.Debug|Any CPU.Build.0 = Debug|Any CPU
		{79394F1D-7EC1-4D47-A6F8-00DA9FA1A0AE}.Debug|x86.ActiveCfg = Debug|Any CPU
		{79394F1D-7EC1-4D47-A6F8-00DA9FA1A0AE}.Debug|x86.Build.0 = Debug|Any CPU
		{79394F1D-7EC1-4D47-A6F8-00DA9FA1A0AE}.Release|Any CPU.ActiveCfg = Release|Any CPU
		{79394F1D-7EC1-4D47-A6F8-00DA9FA1A0AE}.Release|Any CPU.Build.0 = Release|Any CPU
		{79394F1D-7EC1-4D47-A6F8-00DA9FA1A0AE}.Release|x86.ActiveCfg = Release|Any CPU
		{79394F1D-7EC1-4D47-A6F8-00DA9FA1A0AE}.Release|x86.Build.0 = Release|Any CPU
		{5D9D6B33-CEB3-4CDA-96AD-C127F9B347E2}.Debug|Any CPU.ActiveCfg = Debug|Any CPU
		{5D9D6B33-CEB3-4CDA-96AD-C127F9B347E2}.Debug|Any CPU.Build.0 = Debug|Any CPU
		{5D9D6B33-CEB3-4CDA-96AD-C127F9B347E2}.Debug|x86.ActiveCfg = Debug|Any CPU
		{5D9D6B33-CEB3-4CDA-96AD-C127F9B347E2}.Debug|x86.Build.0 = Debug|Any CPU
		{5D9D6B33-CEB3-4CDA-96AD-C127F9B347E2}.Release|Any CPU.ActiveCfg = Release|Any CPU
		{5D9D6B33-CEB3-4CDA-96AD-C127F9B347E2}.Release|Any CPU.Build.0 = Release|Any CPU
		{5D9D6B33-CEB3-4CDA-96AD-C127F9B347E2}.Release|x86.ActiveCfg = Release|Any CPU
		{5D9D6B33-CEB3-4CDA-96AD-C127F9B347E2}.Release|x86.Build.0 = Release|Any CPU
		{02BA2C13-D340-4C88-9744-8C69EBE9EE1C}.Debug|Any CPU.ActiveCfg = Debug|Any CPU
		{02BA2C13-D340-4C88-9744-8C69EBE9EE1C}.Debug|Any CPU.Build.0 = Debug|Any CPU
		{02BA2C13-D340-4C88-9744-8C69EBE9EE1C}.Debug|x86.ActiveCfg = Debug|Any CPU
		{02BA2C13-D340-4C88-9744-8C69EBE9EE1C}.Debug|x86.Build.0 = Debug|Any CPU
		{02BA2C13-D340-4C88-9744-8C69EBE9EE1C}.Release|Any CPU.ActiveCfg = Release|Any CPU
		{02BA2C13-D340-4C88-9744-8C69EBE9EE1C}.Release|Any CPU.Build.0 = Release|Any CPU
		{02BA2C13-D340-4C88-9744-8C69EBE9EE1C}.Release|x86.ActiveCfg = Release|Any CPU
		{02BA2C13-D340-4C88-9744-8C69EBE9EE1C}.Release|x86.Build.0 = Release|Any CPU
		{2236BE50-F36E-46DE-9BDD-A07D90C2118C}.Debug|Any CPU.ActiveCfg = Debug|Any CPU
		{2236BE50-F36E-46DE-9BDD-A07D90C2118C}.Debug|Any CPU.Build.0 = Debug|Any CPU
		{2236BE50-F36E-46DE-9BDD-A07D90C2118C}.Debug|x86.ActiveCfg = Debug|Any CPU
		{2236BE50-F36E-46DE-9BDD-A07D90C2118C}.Debug|x86.Build.0 = Debug|Any CPU
		{2236BE50-F36E-46DE-9BDD-A07D90C2118C}.Release|Any CPU.ActiveCfg = Release|Any CPU
		{2236BE50-F36E-46DE-9BDD-A07D90C2118C}.Release|Any CPU.Build.0 = Release|Any CPU
		{2236BE50-F36E-46DE-9BDD-A07D90C2118C}.Release|x86.ActiveCfg = Release|Any CPU
		{2236BE50-F36E-46DE-9BDD-A07D90C2118C}.Release|x86.Build.0 = Release|Any CPU
		{635B31BB-D55C-4DEA-96F1-0AB7039BB21B}.Debug|Any CPU.ActiveCfg = Debug|Any CPU
		{635B31BB-D55C-4DEA-96F1-0AB7039BB21B}.Debug|Any CPU.Build.0 = Debug|Any CPU
		{635B31BB-D55C-4DEA-96F1-0AB7039BB21B}.Debug|x86.ActiveCfg = Debug|Any CPU
		{635B31BB-D55C-4DEA-96F1-0AB7039BB21B}.Debug|x86.Build.0 = Debug|Any CPU
		{635B31BB-D55C-4DEA-96F1-0AB7039BB21B}.Release|Any CPU.ActiveCfg = Release|Any CPU
		{635B31BB-D55C-4DEA-96F1-0AB7039BB21B}.Release|Any CPU.Build.0 = Release|Any CPU
		{635B31BB-D55C-4DEA-96F1-0AB7039BB21B}.Release|x86.ActiveCfg = Release|Any CPU
		{635B31BB-D55C-4DEA-96F1-0AB7039BB21B}.Release|x86.Build.0 = Release|Any CPU
		{ABBB0478-4277-403E-9522-4245E31559FD}.Debug|Any CPU.ActiveCfg = Debug|Any CPU
		{ABBB0478-4277-403E-9522-4245E31559FD}.Debug|Any CPU.Build.0 = Debug|Any CPU
		{ABBB0478-4277-403E-9522-4245E31559FD}.Debug|x86.ActiveCfg = Debug|Any CPU
		{ABBB0478-4277-403E-9522-4245E31559FD}.Debug|x86.Build.0 = Debug|Any CPU
		{ABBB0478-4277-403E-9522-4245E31559FD}.Release|Any CPU.ActiveCfg = Release|Any CPU
		{ABBB0478-4277-403E-9522-4245E31559FD}.Release|Any CPU.Build.0 = Release|Any CPU
		{ABBB0478-4277-403E-9522-4245E31559FD}.Release|x86.ActiveCfg = Release|Any CPU
		{ABBB0478-4277-403E-9522-4245E31559FD}.Release|x86.Build.0 = Release|Any CPU
		{982E39FC-A05C-4B01-A0AB-27C9B96E23F2}.Debug|Any CPU.ActiveCfg = Debug|Any CPU
		{982E39FC-A05C-4B01-A0AB-27C9B96E23F2}.Debug|Any CPU.Build.0 = Debug|Any CPU
		{982E39FC-A05C-4B01-A0AB-27C9B96E23F2}.Debug|x86.ActiveCfg = Debug|Any CPU
		{982E39FC-A05C-4B01-A0AB-27C9B96E23F2}.Debug|x86.Build.0 = Debug|Any CPU
		{982E39FC-A05C-4B01-A0AB-27C9B96E23F2}.Release|Any CPU.ActiveCfg = Release|Any CPU
		{982E39FC-A05C-4B01-A0AB-27C9B96E23F2}.Release|Any CPU.Build.0 = Release|Any CPU
		{982E39FC-A05C-4B01-A0AB-27C9B96E23F2}.Release|x86.ActiveCfg = Release|Any CPU
		{982E39FC-A05C-4B01-A0AB-27C9B96E23F2}.Release|x86.Build.0 = Release|Any CPU
		{DD4D26D8-A43F-424E-843B-842B03A63FD0}.Debug|Any CPU.ActiveCfg = Debug|Any CPU
		{DD4D26D8-A43F-424E-843B-842B03A63FD0}.Debug|Any CPU.Build.0 = Debug|Any CPU
		{DD4D26D8-A43F-424E-843B-842B03A63FD0}.Debug|x86.ActiveCfg = Debug|Any CPU
		{DD4D26D8-A43F-424E-843B-842B03A63FD0}.Debug|x86.Build.0 = Debug|Any CPU
		{DD4D26D8-A43F-424E-843B-842B03A63FD0}.Release|Any CPU.ActiveCfg = Release|Any CPU
		{DD4D26D8-A43F-424E-843B-842B03A63FD0}.Release|Any CPU.Build.0 = Release|Any CPU
		{DD4D26D8-A43F-424E-843B-842B03A63FD0}.Release|x86.ActiveCfg = Release|Any CPU
		{DD4D26D8-A43F-424E-843B-842B03A63FD0}.Release|x86.Build.0 = Release|Any CPU
		{22C295C3-7DEB-41D3-98B0-819BEBD66243}.Debug|Any CPU.ActiveCfg = Debug|Any CPU
		{22C295C3-7DEB-41D3-98B0-819BEBD66243}.Debug|Any CPU.Build.0 = Debug|Any CPU
		{22C295C3-7DEB-41D3-98B0-819BEBD66243}.Debug|x86.ActiveCfg = Debug|Any CPU
		{22C295C3-7DEB-41D3-98B0-819BEBD66243}.Debug|x86.Build.0 = Debug|Any CPU
		{22C295C3-7DEB-41D3-98B0-819BEBD66243}.Release|Any CPU.ActiveCfg = Release|Any CPU
		{22C295C3-7DEB-41D3-98B0-819BEBD66243}.Release|Any CPU.Build.0 = Release|Any CPU
		{22C295C3-7DEB-41D3-98B0-819BEBD66243}.Release|x86.ActiveCfg = Release|Any CPU
		{22C295C3-7DEB-41D3-98B0-819BEBD66243}.Release|x86.Build.0 = Release|Any CPU
	EndGlobalSection
	GlobalSection(SolutionProperties) = preSolution
		HideSolutionNode = FALSE
	EndGlobalSection
	GlobalSection(NestedProjects) = preSolution
		{875E0B34-BE8E-4863-A147-D532E1381F6A} = {995698C3-DAE2-4C73-8F94-42F26A8AC243}
		{6A9EF4A7-F926-4697-A346-33A99B002ED7} = {995698C3-DAE2-4C73-8F94-42F26A8AC243}
		{A0055D88-E42E-4CB7-8ECD-30F352D36D97} = {995698C3-DAE2-4C73-8F94-42F26A8AC243}
		{F296AC64-E0BD-4002-ABF6-6A8DBA63926E} = {995698C3-DAE2-4C73-8F94-42F26A8AC243}
		{8FA9E681-5931-4301-ADC8-B8878191497A} = {995698C3-DAE2-4C73-8F94-42F26A8AC243}
		{6303E3E5-50C0-47E8-B616-ADC20D03A233} = {995698C3-DAE2-4C73-8F94-42F26A8AC243}
		{FC58C62F-C16F-4EE0-9AEF-9855C5129C5D} = {995698C3-DAE2-4C73-8F94-42F26A8AC243}
		{D0D5CC39-427B-43AF-B3B8-7CAA3D36406C} = {995698C3-DAE2-4C73-8F94-42F26A8AC243}
		{17553773-4AD2-4CFB-B1B6-D8180E8ADA1D} = {995698C3-DAE2-4C73-8F94-42F26A8AC243}
		{DF680F40-8C27-4959-A946-1FA0E5A203B7} = {995698C3-DAE2-4C73-8F94-42F26A8AC243}
		{E3B12B2A-5844-41E1-8F21-F5B507754C1E} = {995698C3-DAE2-4C73-8F94-42F26A8AC243}
		{B617CC9E-DE9B-4A84-8170-3EBDA54F5239} = {995698C3-DAE2-4C73-8F94-42F26A8AC243}
		{B6A3067A-7A8B-49B2-B531-ADFDC8A75547} = {995698C3-DAE2-4C73-8F94-42F26A8AC243}
		{79394F1D-7EC1-4D47-A6F8-00DA9FA1A0AE} = {995698C3-DAE2-4C73-8F94-42F26A8AC243}
		{5D9D6B33-CEB3-4CDA-96AD-C127F9B347E2} = {995698C3-DAE2-4C73-8F94-42F26A8AC243}
		{5BF2C436-C070-40EA-93F4-D99789F4ACD3} = {995698C3-DAE2-4C73-8F94-42F26A8AC243}
		{02BA2C13-D340-4C88-9744-8C69EBE9EE1C} = {5BF2C436-C070-40EA-93F4-D99789F4ACD3}
		{2236BE50-F36E-46DE-9BDD-A07D90C2118C} = {5BF2C436-C070-40EA-93F4-D99789F4ACD3}
		{635B31BB-D55C-4DEA-96F1-0AB7039BB21B} = {5BF2C436-C070-40EA-93F4-D99789F4ACD3}
		{ABBB0478-4277-403E-9522-4245E31559FD} = {5BF2C436-C070-40EA-93F4-D99789F4ACD3}
		{4F847BD5-BAFB-457C-8929-A341C7DBEE23} = {995698C3-DAE2-4C73-8F94-42F26A8AC243}
		{982E39FC-A05C-4B01-A0AB-27C9B96E23F2} = {4F847BD5-BAFB-457C-8929-A341C7DBEE23}
		{DD4D26D8-A43F-424E-843B-842B03A63FD0} = {4F847BD5-BAFB-457C-8929-A341C7DBEE23}
		{22C295C3-7DEB-41D3-98B0-819BEBD66243} = {4F847BD5-BAFB-457C-8929-A341C7DBEE23}
	EndGlobalSection
	GlobalSection(ExtensibilityGlobals) = postSolution
		SolutionGuid = {330DAE6C-CA00-4FF3-A87D-4B93BA661FA4}
	EndGlobalSection
EndGlobal
