
Microsoft Visual Studio Solution File, Format Version 12.00
# Visual Studio Version 16
VisualStudioVersion = 16.0.29926.136
MinimumVisualStudioVersion = 10.0.40219.1
Project("{FAE04EC0-301F-11D3-BF4B-00C04F79EFBC}") = "TimerDemo", "TimerDemo\TimerDemo.csproj", "{875E0B34-BE8E-4863-A147-D532E1381F6A}"
EndProject
Global
	GlobalSection(SolutionConfigurationPlatforms) = preSolution
		Debug|Any CPU = Debug|Any CPU
		Release|Any CPU = Release|Any CPU
	EndGlobalSection
	GlobalSection(ProjectConfigurationPlatforms) = postSolution
		{875E0B34-BE8E-4863-A147-D532E1381F6A}.Debug|Any CPU.ActiveCfg = Debug|Any CPU
		{875E0B34-BE8E-4863-A147-D532E1381F6A}.Debug|Any CPU.Build.0 = Debug|Any CPU
		{875E0B34-BE8E-4863-A147-D532E1381F6A}.Release|Any CPU.ActiveCfg = Release|Any CPU
		{875E0B34-BE8E-4863-A147-D532E1381F6A}.Release|Any CPU.Build.0 = Release|Any CPU
	EndGlobalSection
	GlobalSection(SolutionProperties) = preSolution
		HideSolutionNode = FALSE
	EndGlobalSection
	GlobalSection(ExtensibilityGlobals) = postSolution
		SolutionGuid = {330DAE6C-CA00-4FF3-A87D-4B93BA661FA4}
	EndGlobalSection
EndGlobal
