Microsoft Visual Studio Solution File, Format Version 12.00
# Visual Studio 15
VisualStudioVersion = 15.0.27130.2024
MinimumVisualStudioVersion = 10.0.40219.1
Project("{FAE04EC0-301F-11D3-BF4B-00C04F79EFBC}") = "dog_demo", "dog_demo.csproj", "{982E39FC-A05C-4B01-A0AB-27C9B96E23F2}"
EndProject
Global
	GlobalSection(SolutionConfigurationPlatforms) = preSolution
		Debug|Any CPU = Debug|Any CPU
		Release|Any CPU = Release|Any CPU
	EndGlobalSection
	GlobalSection(ProjectConfigurationPlatforms) = postSolution
		{982E39FC-A05C-4B01-A0AB-27C9B96E23F2}.Debug|Any CPU.ActiveCfg = Debug|Any CPU
		{982E39FC-A05C-4B01-A0AB-27C9B96E23F2}.Debug|Any CPU.Build.0 = Debug|Any CPU
		{982E39FC-A05C-4B01-A0AB-27C9B96E23F2}.Release|Any CPU.ActiveCfg = Release|Any CPU
		{982E39FC-A05C-4B01-A0AB-27C9B96E23F2}.Release|Any CPU.Build.0 = Release|Any CPU
	EndGlobalSection
	GlobalSection(SolutionProperties) = preSolution
		HideSolutionNode = FALSE
	EndGlobalSection
	GlobalSection(ExtensibilityGlobals) = postSolution
		SolutionGuid = {62F48C5D-CEE1-4CDE-AE89-1A0AF4374C75}
	EndGlobalSection
	GlobalSection(DPCodeReviewSolutionGUID) = preSolution
		DPCodeReviewSolutionGUID = {00000000-0000-0000-0000-000000000000}
	EndGlobalSection
EndGlobal
